{
  "version": 4,
  "terraform_version": "1.10.5",
  "serial": 1,
  "lineage": "24215420-ff19-71f0-6f6f-47360146448b",
  "outputs": {},
  "resources": [
    {
      "mode": "managed",
      "type": "local_file",
      "name": "file",
      "provider": "provider[\"registry.terraform.io/hashicorp/local\"]",
      "instances": [
        {
          "schema_version": 0,
          "attributes": {
            "content": "\u001b\\test",
            "content_base64": null,
            "content_base64sha256": "cFR/stIiIzj8/wbFvETKk8FZDCqXjmMamSMc/QA0Vgc=",
            "content_base64sha512": "3x3tLJahH3Pt1Qe4I3TFjIQ4hz/GDb3P9vUXFzxWgF5GdaPIGCw/n+rEZscCdxwx7g7G0SxjrZdw2u6q31mk4w==",
            "content_md5": "639e9d58dddb7db1ab9aeb6579f41e48",
            "content_sha1": "edceb831b8c1b06a5d85817313f396d5a500eebe",
            "content_sha256": "70547fb2d2222338fcff06c5bc44ca93c1590c2a978e631a99231cfd00345607",
            "content_sha512": "df1ded2c96a11f73edd507b82374c58c8438873fc60dbdcff6f517173c56805e4675a3c8182c3f9feac466c702771c31ee0ec6d12c63ad9770daeeaadf59a4e3",
            "directory_permission": "0777",
            "file_permission": "0777",
            "filename": "./hi.txt",
            "id": "edceb831b8c1b06a5d85817313f396d5a500eebe",
            "sensitive_content": null,
            "source": null
          },
          "sensitive_attributes": [
            [
              {
                "type": "get_attr",
                "value": "sensitive_content"
              }
            ]
          ]
        }
      ]
    }
  ],
  "check_results": null
}
