{
  "version": 4,
  "terraform_version": "1.10.5",
  "serial": 1,
  "lineage": "f98221fb-8021-1c03-5993-ce0d824e883d",
  "outputs": {
    "content": {
      "value": "Hello from foo, Terragrunt!",
      "type": "string"
    }
  },
  "resources": [
    {
      "mode": "managed",
      "type": "local_file",
      "name": "file",
      "provider": "provider[\"registry.terraform.io/hashicorp/local\"]",
      "instances": [
        {
          "schema_version": 0,
          "attributes": {
            "content": "Hello from foo, Terragrunt!",
            "content_base64": null,
            "content_base64sha256": "xlLVL/KvTDEzmSp3ZSBXU+irWiNcdo8D0YwguwLjbjc=",
            "content_base64sha512": "wuE+PFriZbvTo/4HL7+gUJMN2/vG9XjsjSrv+tkdUwEUNIiySXyAn0g8K2RLTcl8QOjyC4hBfuCsr/6X4j7DZQ==",
            "content_md5": "436c6fa059bf0eb0a496b04cfb1d0c39",
            "content_sha1": "c4ae21736a6297f44ea86791e528338e9d14a0e9",
            "content_sha256": "c652d52ff2af4c3133992a7765205753e8ab5a235c768f03d18c20bb02e36e37",
            "content_sha512": "c2e13e3c5ae265bbd3a3fe072fbfa050930ddbfbc6f578ec8d2aeffad91d5301143488b2497c809f483c2b644b4dc97c40e8f20b88417ee0acaffe97e23ec365",
            "directory_permission": "0777",
            "file_permission": "0777",
            "filename": "./hi.txt",
            "id": "c4ae21736a6297f44ea86791e528338e9d14a0e9",
            "sensitive_content": null,
            "source": null
          },
          "sensitive_attributes": [
            [
              {
                "type": "get_attr",
                "value": "sensitive_content"
              }
            ]
          ]
        }
      ]
    }
  ],
  "check_results": null
}
