{
  "version": 4,
  "terraform_version": "1.10.5",
  "serial": 1,
  "lineage": "97a73838-37cf-0930-df5f-17f164a1e3d5",
  "outputs": {
    "content": {
      "value": "Foo content: Hello from foo, Terragrunt!",
      "type": "string"
    }
  },
  "resources": [
    {
      "mode": "managed",
      "type": "local_file",
      "name": "file",
      "provider": "provider[\"registry.terraform.io/hashicorp/local\"]",
      "instances": [
        {
          "schema_version": 0,
          "attributes": {
            "content": "Foo content: Hello from foo, Terragrunt!",
            "content_base64": null,
            "content_base64sha256": "8Vat510oCIDSMc9dcGsHdp7O8lIe8q8wsEHaF4LjSxs=",
            "content_base64sha512": "tEqJ4ZRapDLF0nGM/9XCG8Yeaay5mMchocLhMfbHYII46tDxffhctleleYplTdaA1BLhWEx4b90NzCx1XZTQKQ==",
            "content_md5": "1a51e7403dd9a7e7ee929c113ef7bbce",
            "content_sha1": "873a8296c4809c7a32230985ded9d3bce7f2f10c",
            "content_sha256": "f156ade75d280880d231cf5d706b07769ecef2521ef2af30b041da1782e34b1b",
            "content_sha512": "b44a89e1945aa432c5d2718cffd5c21bc61e69acb998c721a1c2e131f6c7608238ead0f17df85cb657a5798a654dd680d412e1584c786fdd0dcc2c755d94d029",
            "directory_permission": "0777",
            "file_permission": "0777",
            "filename": "./hi.txt",
            "id": "873a8296c4809c7a32230985ded9d3bce7f2f10c",
            "sensitive_content": null,
            "source": null
          },
          "sensitive_attributes": [
            [
              {
                "type": "get_attr",
                "value": "sensitive_content"
              }
            ]
          ]
        }
      ]
    }
  ],
  "check_results": null
}
