{
  "version": 4,
  "terraform_version": "1.10.5",
  "serial": 22,
  "lineage": "bcca08a2-8725-ba41-3419-87ed4b500485",
  "outputs": {
    "file_ids": {
      "value": [
        "96e58c52e52b5f3bcb307d3309264d420b60403c",
        "42ad4ff8bdd0125e98eeaa23146d7899ee77577e",
        "935ca8755d0eb89076862ea55d0d1d8409f635da"
      ],
      "type": [
        "tuple",
        [
          "string",
          "string",
          "string"
        ]
      ]
    }
  },
  "resources": [
    {
      "module": "module.local-file[0]",
      "mode": "managed",
      "type": "local_file",
      "name": "hello",
      "provider": "provider[\"registry.terraform.io/hashicorp/local\"]",
      "instances": [
        {
          "schema_version": 0,
          "attributes": {
            "content": "hello world 1",
            "content_base64": null,
            "content_base64sha256": "Bj2/HTY4eUSl8KzmJbTT7jay2u/Yva7l7ecjY377HPQ=",
            "content_base64sha512": "Ub2J2f3hnI3SsIn/tqa7q7JOzEY827umPPsj7jW6Z4uKwc4tVkKHU7Mg0iw+QCeG+d9JrWJxyuTpc6dasQJJww==",
            "content_md5": "35b783efece70cf246f5fa61ba9a4951",
            "content_sha1": "96e58c52e52b5f3bcb307d3309264d420b60403c",
            "content_sha256": "063dbf1d36387944a5f0ace625b4d3ee36b2daefd8bdaee5ede723637efb1cf4",
            "content_sha512": "51bd89d9fde19c8dd2b089ffb6a6bbabb24ecc463cdbbba63cfb23ee35ba678b8ac1ce2d56428753b320d22c3e402786f9df49ad6271cae4e973a75ab10249c3",
            "directory_permission": "0777",
            "file_permission": "0777",
            "filename": "dev-hello-world-1.txt",
            "id": "96e58c52e52b5f3bcb307d3309264d420b60403c",
            "sensitive_content": null,
            "source": null
          },
          "sensitive_attributes": [
            [
              {
                "type": "get_attr",
                "value": "sensitive_content"
              }
            ]
          ]
        }
      ]
    },
    {
      "module": "module.local-file[1]",
      "mode": "managed",
      "type": "local_file",
      "name": "hello",
      "provider": "provider[\"registry.terraform.io/hashicorp/local\"]",
      "instances": [
        {
          "schema_version": 0,
          "attributes": {
            "content": "hello world 2",
            "content_base64": null,
            "content_base64sha256": "7RKTLz75TAeS+8VSY5aABuhn5SLPn6qIJ0NAomcdREE=",
            "content_base64sha512": "xBsRfo4QtvJts9tYPxaAIWMRNGl1lRbq3icCfQ6cjzqbnWM4dmy1SLlIb55v87b8H0q0ajBhG4B5AK3OEKjaZw==",
            "content_md5": "5270941191198af2a01db3572f1b47e8",
            "content_sha1": "42ad4ff8bdd0125e98eeaa23146d7899ee77577e",
            "content_sha256": "ed12932f3ef94c0792fbc55263968006e867e522cf9faa88274340a2671d4441",
            "content_sha512": "c41b117e8e10b6f26db3db583f16802163113469759516eade27027d0e9c8f3a9b9d6338766cb548b9486f9e6ff3b6fc1f4ab46a30611b807900adce10a8da67",
            "directory_permission": "0777",
            "file_permission": "0777",
            "filename": "dev-hello-world-2.txt",
            "id": "42ad4ff8bdd0125e98eeaa23146d7899ee77577e",
            "sensitive_content": null,
            "source": null
          },
          "sensitive_attributes": [
            [
              {
                "type": "get_attr",
                "value": "sensitive_content"
              }
            ]
          ]
        }
      ]
    },
    {
      "module": "module.local-file[2]",
      "mode": "managed",
      "type": "local_file",
      "name": "hello",
      "provider": "provider[\"registry.terraform.io/hashicorp/local\"]",
      "instances": [
        {
          "schema_version": 0,
          "attributes": {
            "content": "hello world 3",
            "content_base64": null,
            "content_base64sha256": "T/q7q052MgJGLfH1mBGUQSFYjwVn9VvOWBoOmevPZgY=",
            "content_base64sha512": "XGQlTXH6ED8avEVtIvRZWBbBndnjdVEhhs88uY7co4DSC85tM14IdsImt9CNddPgw9LBHYg4Sf8PmJxcsFZBsg==",
            "content_md5": "8bef428d911e1b9cbc365654e1b50059",
            "content_sha1": "935ca8755d0eb89076862ea55d0d1d8409f635da",
            "content_sha256": "4ffabbab4e763202462df1f59811944121588f0567f55bce581a0e99ebcf6606",
            "content_sha512": "5c64254d71fa103f1abc456d22f4595816c19dd9e375512186cf3cb98edca380d20bce6d335e0876c226b7d08d75d3e0c3d2c11d883849ff0f989c5cb05641b2",
            "directory_permission": "0777",
            "file_permission": "0777",
            "filename": "dev-hello-world-3.txt",
            "id": "935ca8755d0eb89076862ea55d0d1d8409f635da",
            "sensitive_content": null,
            "source": null
          },
          "sensitive_attributes": [
            [
              {
                "type": "get_attr",
                "value": "sensitive_content"
              }
            ]
          ]
        }
      ]
    }
  ],
  "check_results": null
}
